
Microsoft Visual Studio Solution File, Format Version 12.00
# Visual Studio 15
Project("{FAE04EC0-301F-11D3-BF4B-00C04F79EFBC}") = "Models", "Models\Models.csproj", "{FB49A8D7-636D-4EB2-900B-9DC102307C42}"
EndProject
Project("{FAE04EC0-301F-11D3-BF4B-00C04F79EFBC}") = "HttpRequest", "HttpRequest\HttpRequest.csproj", "{CBEC241E-2A35-4FE5-8B52-78E9882D163A}"
EndProject
Project("{FAE04EC0-301F-11D3-BF4B-00C04F79EFBC}") = "RequestLayer", "RequestLayer\RequestLayer.csproj", "{0FD8D23B-1254-45DC-B85A-6772E8B4E93E}"
EndProject
Project("{FAE04EC0-301F-11D3-BF4B-00C04F79EFBC}") = "OpenPlatformSDKTests", "OpenPlatformSDKTests\OpenPlatformSDKTests.csproj", "{88BB0EDB-AD6B-4CAA-97EE-7FE263F27F78}"
EndProject
Global
	GlobalSection(SolutionConfigurationPlatforms) = preSolution
		Debug|Any CPU = Debug|Any CPU
		Release|Any CPU = Release|Any CPU
	EndGlobalSection
	GlobalSection(ProjectConfigurationPlatforms) = postSolution
		{FB49A8D7-636D-4EB2-900B-9DC102307C42}.Debug|Any CPU.ActiveCfg = Debug|Any CPU
		{FB49A8D7-636D-4EB2-900B-9DC102307C42}.Debug|Any CPU.Build.0 = Debug|Any CPU
		{FB49A8D7-636D-4EB2-900B-9DC102307C42}.Release|Any CPU.ActiveCfg = Release|Any CPU
		{FB49A8D7-636D-4EB2-900B-9DC102307C42}.Release|Any CPU.Build.0 = Release|Any CPU
		{CBEC241E-2A35-4FE5-8B52-78E9882D163A}.Debug|Any CPU.ActiveCfg = Debug|Any CPU
		{CBEC241E-2A35-4FE5-8B52-78E9882D163A}.Debug|Any CPU.Build.0 = Debug|Any CPU
		{CBEC241E-2A35-4FE5-8B52-78E9882D163A}.Release|Any CPU.ActiveCfg = Release|Any CPU
		{CBEC241E-2A35-4FE5-8B52-78E9882D163A}.Release|Any CPU.Build.0 = Release|Any CPU
		{0FD8D23B-1254-45DC-B85A-6772E8B4E93E}.Debug|Any CPU.ActiveCfg = Debug|Any CPU
		{0FD8D23B-1254-45DC-B85A-6772E8B4E93E}.Debug|Any CPU.Build.0 = Debug|Any CPU
		{0FD8D23B-1254-45DC-B85A-6772E8B4E93E}.Release|Any CPU.ActiveCfg = Release|Any CPU
		{0FD8D23B-1254-45DC-B85A-6772E8B4E93E}.Release|Any CPU.Build.0 = Release|Any CPU
		{88BB0EDB-AD6B-4CAA-97EE-7FE263F27F78}.Debug|Any CPU.ActiveCfg = Debug|Any CPU
		{88BB0EDB-AD6B-4CAA-97EE-7FE263F27F78}.Debug|Any CPU.Build.0 = Debug|Any CPU
		{88BB0EDB-AD6B-4CAA-97EE-7FE263F27F78}.Release|Any CPU.ActiveCfg = Release|Any CPU
		{88BB0EDB-AD6B-4CAA-97EE-7FE263F27F78}.Release|Any CPU.Build.0 = Release|Any CPU
	EndGlobalSection
	GlobalSection(MonoDevelopProperties) = preSolution
		Policies = $0
		$0.DotNetNamingPolicy = $1
		$1.DirectoryNamespaceAssociation = PrefixedHierarchical
		$0.StandardHeader = $2
		$0.VersionControlPolicy = $3
	EndGlobalSection
EndGlobal
